
Microsoft Visual Studio Solution File, Format Version 12.00
# Visual Studio 2013
VisualStudioVersion = 12.0.31101.0
MinimumVisualStudioVersion = 10.0.40219.1
Project("{FAE04EC0-301F-11D3-BF4B-00C04F79EFBC}") = "BigNumber.Runner", "BigNumber.Runner\BigNumber.Runner.csproj", "{6D2AA5F8-3E3C-4C42-B404-8E5C15C1DDD6}"
EndProject
Project("{FAE04EC0-301F-11D3-BF4B-00C04F79EFBC}") = "BigNumber", "BigNumber\BigNumber.csproj", "{EBAB9531-B9B0-4751-8AFE-59752DCD7DC8}"
EndProject
Project("{FAE04EC0-301F-11D3-BF4B-00C04F79EFBC}") = "BigNumber.Tests", "BigNumber.Tests\BigNumber.Tests.csproj", "{084AEA04-51F5-49EA-AA9F-8A3C18A726A8}"
EndProject
Global
	GlobalSection(SolutionConfigurationPlatforms) = preSolution
		Debug|Any CPU = Debug|Any CPU
		Release|Any CPU = Release|Any CPU
	EndGlobalSection
	GlobalSection(ProjectConfigurationPlatforms) = postSolution
		{EBAB9531-B9B0-4751-8AFE-59752DCD7DC8}.Debug|Any CPU.ActiveCfg = Debug|Any CPU
		{EBAB9531-B9B0-4751-8AFE-59752DCD7DC8}.Debug|Any CPU.Build.0 = Debug|Any CPU
		{EBAB9531-B9B0-4751-8AFE-59752DCD7DC8}.Release|Any CPU.ActiveCfg = Release|Any CPU
		{EBAB9531-B9B0-4751-8AFE-59752DCD7DC8}.Release|Any CPU.Build.0 = Release|Any CPU
		{084AEA04-51F5-49EA-AA9F-8A3C18A726A8}.Debug|Any CPU.ActiveCfg = Debug|Any CPU
		{084AEA04-51F5-49EA-AA9F-8A3C18A726A8}.Debug|Any CPU.Build.0 = Debug|Any CPU
		{084AEA04-51F5-49EA-AA9F-8A3C18A726A8}.Release|Any CPU.ActiveCfg = Release|Any CPU
		{084AEA04-51F5-49EA-AA9F-8A3C18A726A8}.Release|Any CPU.Build.0 = Release|Any CPU
		{6D2AA5F8-3E3C-4C42-B404-8E5C15C1DDD6}.Debug|Any CPU.ActiveCfg = Debug|Any CPU
		{6D2AA5F8-3E3C-4C42-B404-8E5C15C1DDD6}.Debug|Any CPU.Build.0 = Debug|Any CPU
		{6D2AA5F8-3E3C-4C42-B404-8E5C15C1DDD6}.Release|Any CPU.ActiveCfg = Release|Any CPU
		{6D2AA5F8-3E3C-4C42-B404-8E5C15C1DDD6}.Release|Any CPU.Build.0 = Release|Any CPU
	EndGlobalSection
	GlobalSection(SolutionProperties) = preSolution
		HideSolutionNode = FALSE
	EndGlobalSection
EndGlobal
